
Microsoft Visual Studio Solution File, Format Version 12.00
# Visual Studio 15
VisualStudioVersion = 15.0.27703.2018
MinimumVisualStudioVersion = 10.0.40219.1
Project("{FAE04EC0-301F-11D3-BF4B-00C04F79EFBC}") = "EntityExpressionsCore.Lib", "EntityExpressionsCore.Lib\EntityExpressionsCore.Lib.csproj", "{2465AB8B-2F47-48A0-84B0-414EFA68D709}"
EndProject
Project("{FAE04EC0-301F-11D3-BF4B-00C04F79EFBC}") = "EntityExpressionsCore.DAL", "EntityExpressionsCore.DAL\EntityExpressionsCore.DAL.csproj", "{72A767E2-CA7B-45B9-BD10-93BAA377C771}"
EndProject
Project("{FAE04EC0-301F-11D3-BF4B-00C04F79EFBC}") = "EntityExpressionsCore.App", "EntityExpressionsCore.App\EntityExpressionsCore.App.csproj", "{533AE8A5-0E07-4026-9CD8-FF44361CDA57}"
EndProject
Global
	GlobalSection(SolutionConfigurationPlatforms) = preSolution
		Debug|Any CPU = Debug|Any CPU
		Release|Any CPU = Release|Any CPU
	EndGlobalSection
	GlobalSection(ProjectConfigurationPlatforms) = postSolution
		{2465AB8B-2F47-48A0-84B0-414EFA68D709}.Debug|Any CPU.ActiveCfg = Debug|Any CPU
		{2465AB8B-2F47-48A0-84B0-414EFA68D709}.Debug|Any CPU.Build.0 = Debug|Any CPU
		{2465AB8B-2F47-48A0-84B0-414EFA68D709}.Release|Any CPU.ActiveCfg = Release|Any CPU
		{2465AB8B-2F47-48A0-84B0-414EFA68D709}.Release|Any CPU.Build.0 = Release|Any CPU
		{72A767E2-CA7B-45B9-BD10-93BAA377C771}.Debug|Any CPU.ActiveCfg = Debug|Any CPU
		{72A767E2-CA7B-45B9-BD10-93BAA377C771}.Debug|Any CPU.Build.0 = Debug|Any CPU
		{72A767E2-CA7B-45B9-BD10-93BAA377C771}.Release|Any CPU.ActiveCfg = Release|Any CPU
		{72A767E2-CA7B-45B9-BD10-93BAA377C771}.Release|Any CPU.Build.0 = Release|Any CPU
		{533AE8A5-0E07-4026-9CD8-FF44361CDA57}.Debug|Any CPU.ActiveCfg = Debug|Any CPU
		{533AE8A5-0E07-4026-9CD8-FF44361CDA57}.Debug|Any CPU.Build.0 = Debug|Any CPU
		{533AE8A5-0E07-4026-9CD8-FF44361CDA57}.Release|Any CPU.ActiveCfg = Release|Any CPU
		{533AE8A5-0E07-4026-9CD8-FF44361CDA57}.Release|Any CPU.Build.0 = Release|Any CPU
	EndGlobalSection
	GlobalSection(SolutionProperties) = preSolution
		HideSolutionNode = FALSE
	EndGlobalSection
	GlobalSection(ExtensibilityGlobals) = postSolution
		SolutionGuid = {1C641409-1FDF-4EC2-9547-55287C6A9678}
	EndGlobalSection
EndGlobal
